
Microsoft Visual Studio Solution File, Format Version 12.00
# Visual Studio Version 16
VisualStudioVersion = 16.0.30611.23
MinimumVisualStudioVersion = 10.0.40219.1
Project("{FAE04EC0-301F-11D3-BF4B-00C04F79EFBC}") = "KursachCollege", "KursachCollege\KursachCollege.csproj", "{904621C6-F6FF-4046-9EA9-4E92B5E524A0}"
EndProject
Global
	GlobalSection(SolutionConfigurationPlatforms) = preSolution
		Debug|Any CPU = Debug|Any CPU
		Release|Any CPU = Release|Any CPU
	EndGlobalSection
	GlobalSection(ProjectConfigurationPlatforms) = postSolution
		{904621C6-F6FF-4046-9EA9-4E92B5E524A0}.Debug|Any CPU.ActiveCfg = Debug|Any CPU
		{904621C6-F6FF-4046-9EA9-4E92B5E524A0}.Debug|Any CPU.Build.0 = Debug|Any CPU
		{904621C6-F6FF-4046-9EA9-4E92B5E524A0}.Release|Any CPU.ActiveCfg = Release|Any CPU
		{904621C6-F6FF-4046-9EA9-4E92B5E524A0}.Release|Any CPU.Build.0 = Release|Any CPU
	EndGlobalSection
	GlobalSection(SolutionProperties) = preSolution
		HideSolutionNode = FALSE
	EndGlobalSection
	GlobalSection(ExtensibilityGlobals) = postSolution
		SolutionGuid = {F6387B36-B369-4C2B-8841-9B7BF899CFD3}
	EndGlobalSection
EndGlobal
